
Microsoft Visual Studio Solution File, Format Version 12.00
# Visual Studio Version 17
VisualStudioVersion = 17.9.34616.47
MinimumVisualStudioVersion = 10.0.40219.1
Project("{FAE04EC0-301F-11D3-BF4B-00C04F79EFBC}") = "ToDoList", "ToDoList\ToDoList.csproj", "{A3B79DFD-3333-4750-AC4A-D80B8EC7969B}"
EndProject
Global
	GlobalSection(SolutionConfigurationPlatforms) = preSolution
		Debug|Any CPU = Debug|Any CPU
		Release|Any CPU = Release|Any CPU
	EndGlobalSection
	GlobalSection(ProjectConfigurationPlatforms) = postSolution
		{A3B79DFD-3333-4750-AC4A-D80B8EC7969B}.Debug|Any CPU.ActiveCfg = Debug|Any CPU
		{A3B79DFD-3333-4750-AC4A-D80B8EC7969B}.Debug|Any CPU.Build.0 = Debug|Any CPU
		{A3B79DFD-3333-4750-AC4A-D80B8EC7969B}.Release|Any CPU.ActiveCfg = Release|Any CPU
		{A3B79DFD-3333-4750-AC4A-D80B8EC7969B}.Release|Any CPU.Build.0 = Release|Any CPU
	EndGlobalSection
	GlobalSection(SolutionProperties) = preSolution
		HideSolutionNode = FALSE
	EndGlobalSection
	GlobalSection(ExtensibilityGlobals) = postSolution
		SolutionGuid = {1CFEF19C-3957-45DC-ADC7-59C8177985CB}
	EndGlobalSection
EndGlobal
